dependencies:
- name: kafka
  repository: https://charts.bitnami.com/bitnami
  version: 32.4.3
- name: opensearch
  repository: https://opensearch-project.github.io/helm-charts
  version: 2.20.0
digest: sha256:f3e6d6e51435bc19681c9fb2460fb09fd38f525da7ce78e4013c864e6ad69dff
generated: "2026-08-21T11:59:52.61568+03:00"
